
Microsoft Visual Studio Solution File, Format Version 12.00
# Visual Studio Version 16
VisualStudioVersion = 16.0.31613.86
MinimumVisualStudioVersion = 10.0.40219.1
Project("{9A19103F-16F7-4668-BE54-9A1E7A4F7556}") = "DumpDiag", "DumpDiag\DumpDiag.csproj", "{0321AE62-F98A-4A61-9521-9767D9927B1B}"
EndProject
Project("{9A19103F-16F7-4668-BE54-9A1E7A4F7556}") = "DumpDiag.Tests", "DumpDiag.Tests\DumpDiag.Tests.csproj", "{B7E87E02-24CB-481E-BD8D-39B803967334}"
EndProject
Project("{FAE04EC0-301F-11D3-BF4B-00C04F79EFBC}") = "DumpDiag.Benchmarks", "DumpDiag.Benchmarks\DumpDiag.Benchmarks.csproj", "{0E7F08B7-4A9D-482E-AC86-52625F95CD2B}"
EndProject
Global
	GlobalSection(SolutionConfigurationPlatforms) = preSolution
		Debug|Any CPU = Debug|Any CPU
		Release|Any CPU = Release|Any CPU
	EndGlobalSection
	GlobalSection(ProjectConfigurationPlatforms) = postSolution
		{0321AE62-F98A-4A61-9521-9767D9927B1B}.Debug|Any CPU.ActiveCfg = Debug|Any CPU
		{0321AE62-F98A-4A61-9521-9767D9927B1B}.Debug|Any CPU.Build.0 = Debug|Any CPU
		{0321AE62-F98A-4A61-9521-9767D9927B1B}.Release|Any CPU.ActiveCfg = Release|Any CPU
		{0321AE62-F98A-4A61-9521-9767D9927B1B}.Release|Any CPU.Build.0 = Release|Any CPU
		{B7E87E02-24CB-481E-BD8D-39B803967334}.Debug|Any CPU.ActiveCfg = Debug|Any CPU
		{B7E87E02-24CB-481E-BD8D-39B803967334}.Debug|Any CPU.Build.0 = Debug|Any CPU
		{B7E87E02-24CB-481E-BD8D-39B803967334}.Release|Any CPU.ActiveCfg = Release|Any CPU
		{B7E87E02-24CB-481E-BD8D-39B803967334}.Release|Any CPU.Build.0 = Release|Any CPU
		{0E7F08B7-4A9D-482E-AC86-52625F95CD2B}.Debug|Any CPU.ActiveCfg = Debug|Any CPU
		{0E7F08B7-4A9D-482E-AC86-52625F95CD2B}.Debug|Any CPU.Build.0 = Debug|Any CPU
		{0E7F08B7-4A9D-482E-AC86-52625F95CD2B}.Release|Any CPU.ActiveCfg = Release|Any CPU
		{0E7F08B7-4A9D-482E-AC86-52625F95CD2B}.Release|Any CPU.Build.0 = Release|Any CPU
	EndGlobalSection
	GlobalSection(SolutionProperties) = preSolution
		HideSolutionNode = FALSE
	EndGlobalSection
	GlobalSection(ExtensibilityGlobals) = postSolution
		SolutionGuid = {6E7DC8E2-FD6F-4FE4-837D-F5CEACEC472D}
	EndGlobalSection
EndGlobal
